PODS:
  - Flutter (1.0.0)
  - flutter_flexible_toast (0.0.1):
    - Flutter

DEPENDENCIES:
  - Flutter (from `Flutter`)
  - flutter_flexible_toast (from `.symlinks/plugins/flutter_flexible_toast/ios`)

EXTERNAL SOURCES:
  Flutter:
    :path: Flutter
  flutter_flexible_toast:
    :path: ".symlinks/plugins/flutter_flexible_toast/ios"

SPEC CHECKSUMS:
  Flutter: 0e3d915762c693b495b44d77113d4970485de6ec
  flutter_flexible_toast: 0547e740cae0c33bb7c51bcd931233f4584e1143

PODFILE CHECKSUM: 7b3a59c835534c5af0b9eb2402cd5e50b5e22a57

COCOAPODS: 1.8.4
